
Microsoft Visual Studio Solution File, Format Version 12.00
# Visual Studio Version 17
VisualStudioVersion = 17.4.33213.308
MinimumVisualStudioVersion = 10.0.40219.1
Project("{9A19103F-16F7-4668-BE54-9A1E7A4F7556}") = "Exercises.Logic", "Exercises.Logic\Exercises.Logic.csproj", "{D4427436-1994-4675-AE14-921866FB74DE}"
EndProject
Project("{FAE04EC0-301F-11D3-BF4B-00C04F79EFBC}") = "Exercises.UI", "Exercises.UI\Exercises.UI.csproj", "{03735A1A-9F09-4FC9-9166-1ACFADDACAED}"
EndProject
Global
	GlobalSection(SolutionConfigurationPlatforms) = preSolution
		Debug|Any CPU = Debug|Any CPU
		Release|Any CPU = Release|Any CPU
	EndGlobalSection
	GlobalSection(ProjectConfigurationPlatforms) = postSolution
		{D4427436-1994-4675-AE14-921866FB74DE}.Debug|Any CPU.ActiveCfg = Debug|Any CPU
		{D4427436-1994-4675-AE14-921866FB74DE}.Debug|Any CPU.Build.0 = Debug|Any CPU
		{D4427436-1994-4675-AE14-921866FB74DE}.Release|Any CPU.ActiveCfg = Release|Any CPU
		{D4427436-1994-4675-AE14-921866FB74DE}.Release|Any CPU.Build.0 = Release|Any CPU
		{03735A1A-9F09-4FC9-9166-1ACFADDACAED}.Debug|Any CPU.ActiveCfg = Debug|Any CPU
		{03735A1A-9F09-4FC9-9166-1ACFADDACAED}.Debug|Any CPU.Build.0 = Debug|Any CPU
		{03735A1A-9F09-4FC9-9166-1ACFADDACAED}.Release|Any CPU.ActiveCfg = Release|Any CPU
		{03735A1A-9F09-4FC9-9166-1ACFADDACAED}.Release|Any CPU.Build.0 = Release|Any CPU
	EndGlobalSection
	GlobalSection(SolutionProperties) = preSolution
		HideSolutionNode = FALSE
	EndGlobalSection
	GlobalSection(ExtensibilityGlobals) = postSolution
		SolutionGuid = {9D147750-D52C-4BD7-A136-A640D70DE679}
	EndGlobalSection
EndGlobal
